// !$*UTF8*$!
{
	archiveVersion = 1;
	classes = {
	};
	objectVersion = 77;
	objects = {

/* Begin PBXContainerItemProxy section */
		5E78E9412FABF097009EA354 /* PBXContainerItemProxy */ = {
			isa = PBXContainerItemProxy;
			containerPortal = 5E78E9272FABF095009EA354 /* Project object */;
			proxyType = 1;
			remoteGlobalIDString = 5E78E92E2FABF095009EA354;
			remoteInfo = "Carelens-Aged+";
		};
		5E78E94B2FABF097009EA354 /* PBXContainerItemProxy */ = {
			isa = PBXContainerItemProxy;
			containerPortal = 5E78E9272FABF095009EA354 /* Project object */;
			proxyType = 1;
			remoteGlobalIDString = 5E78E92E2FABF095009EA354;
			remoteInfo = "Carelens-Aged+";
		};
/* End PBXContainerItemProxy section */

/* Begin PBXFileReference section */
		5E78E92F2FABF095009EA354 /* CarelensAged.app */ = {isa = PBXFileReference; explicitFileType = wrapper.application; includeInIndex = 0; path = CarelensAged.app; sourceTree = BUILT_PRODUCTS_DIR; };
		5E78E9402FABF097009EA354 /* Carelens-Aged+Tests.xctest */ = {isa = PBXFileReference; explicitFileType = wrapper.cfbundle; includeInIndex = 0; path = "Carelens-Aged+Tests.xctest"; sourceTree = BUILT_PRODUCTS_DIR; };
		5E78E94A2FABF097009EA354 /* Carelens-Aged+UITests.xctest */ = {isa = PBXFileReference; explicitFileType = wrapper.cfbundle; includeInIndex = 0; path = "Carelens-Aged+UITests.xctest"; sourceTree = BUILT_PRODUCTS_DIR; };
/* End PBXFileReference section */

/* Begin PBXFileSystemSynchronizedBuildFileExceptionSet section */
		5E78E9522FABF097009EA354 /* Exceptions for "Carelens-Aged+" folder in "Carelens-Aged+" target */ = {
			isa = PBXFileSystemSynchronizedBuildFileExceptionSet;
			membershipExceptions = (
				Info.plist,
			);
			target = 5E78E92E2FABF095009EA354 /* Carelens-Aged+ */;
		};
/* End PBXFileSystemSynchronizedBuildFileExceptionSet section */

/* Begin PBXFileSystemSynchronizedRootGroup section */
		5E78E9312FABF095009EA354 /* Carelens-Aged+ */ = {
			isa = PBXFileSystemSynchronizedRootGroup;
			exceptions = (
				5E78E9522FABF097009EA354 /* Exceptions for "Carelens-Aged+" folder in "Carelens-Aged+" target */,
			);
			path = "Carelens-Aged+";
			sourceTree = "<group>";
		};
		5E78E9432FABF097009EA354 /* Carelens-Aged+Tests */ = {
			isa = PBXFileSystemSynchronizedRootGroup;
			path = "Carelens-Aged+Tests";
			sourceTree = "<group>";
		};
		5E78E94D2FABF097009EA354 /* Carelens-Aged+UITests */ = {
			isa = PBXFileSystemSynchronizedRootGroup;
			path = "Carelens-Aged+UITests";
			sourceTree = "<group>";
		};
/* End PBXFileSystemSynchronizedRootGroup section */

/* Begin PBXFrameworksBuildPhase section */
		5E78E92C2FABF095009EA354 /* Frameworks */ = {
			isa = PBXFrameworksBuildPhase;
			buildActionMask = 2147483647;
			files = (
			);
			runOnlyForDeploymentPostprocessing = 0;
		};
		5E78E93D2FABF097009EA354 /* Frameworks */ = {
			isa = PBXFrameworksBuildPhase;
			buildActionMask = 2147483647;
			files = (
			);
			runOnlyForDeploymentPostprocessing = 0;
		};
		5E78E9472FABF097009EA354 /* Frameworks */ = {
			isa = PBXFrameworksBuildPhase;
			buildActionMask = 2147483647;
			files = (
			);
			runOnlyForDeploymentPostprocessing = 0;
		};
/* End PBXFrameworksBuildPhase section */

/* Begin PBXGroup section */
		5E78E9262FABF095009EA354 = {
			isa = PBXGroup;
			children = (
				5E78E9312FABF095009EA354 /* Carelens-Aged+ */,
				5E78E9432FABF097009EA354 /* Carelens-Aged+Tests */,
				5E78E94D2FABF097009EA354 /* Carelens-Aged+UITests */,
				5E78E9302FABF095009EA354 /* Products */,
			);
			sourceTree = "<group>";
		};
		5E78E9302FABF095009EA354 /* Products */ = {
			isa = PBXGroup;
			children = (
				5E78E92F2FABF095009EA354 /* CarelensAged.app */,
				5E78E9402FABF097009EA354 /* Carelens-Aged+Tests.xctest */,
				5E78E94A2FABF097009EA354 /* Carelens-Aged+UITests.xctest */,
			);
			name = Products;
			sourceTree = "<group>";
		};
/* End PBXGroup section */

/* Begin PBXNativeTarget section */
		5E78E92E2FABF095009EA354 /* Carelens-Aged+ */ = {
			isa = PBXNativeTarget;
			buildConfigurationList = 5E78E9532FABF097009EA354 /* Build configuration list for PBXNativeTarget "Carelens-Aged+" */;
			buildPhases = (
				5E78E92B2FABF095009EA354 /* Sources */,
				5E78E92C2FABF095009EA354 /* Frameworks */,
				5E78E92D2FABF095009EA354 /* Resources */,
			);
			buildRules = (
			);
			dependencies = (
			);
			fileSystemSynchronizedGroups = (
				5E78E9312FABF095009EA354 /* Carelens-Aged+ */,
			);
			name = "Carelens-Aged+";
			packageProductDependencies = (
			);
			productName = "Carelens-Aged+";
			productReference = 5E78E92F2FABF095009EA354 /* CarelensAged.app */;
			productType = "com.apple.product-type.application";
		};
		5E78E93F2FABF097009EA354 /* Carelens-Aged+Tests */ = {
			isa = PBXNativeTarget;
			buildConfigurationList = 5E78E9582FABF097009EA354 /* Build configuration list for PBXNativeTarget "Carelens-Aged+Tests" */;
			buildPhases = (
				5E78E93C2FABF097009EA354 /* Sources */,
				5E78E93D2FABF097009EA354 /* Frameworks */,
				5E78E93E2FABF097009EA354 /* Resources */,
			);
			buildRules = (
			);
			dependencies = (
				5E78E9422FABF097009EA354 /* PBXTargetDependency */,
			);
			fileSystemSynchronizedGroups = (
				5E78E9432FABF097009EA354 /* Carelens-Aged+Tests */,
			);
			name = "Carelens-Aged+Tests";
			packageProductDependencies = (
			);
			productName = "Carelens-Aged+Tests";
			productReference = 5E78E9402FABF097009EA354 /* Carelens-Aged+Tests.xctest */;
			productType = "com.apple.product-type.bundle.unit-test";
		};
		5E78E9492FABF097009EA354 /* Carelens-Aged+UITests */ = {
			isa = PBXNativeTarget;
			buildConfigurationList = 5E78E95B2FABF097009EA354 /* Build configuration list for PBXNativeTarget "Carelens-Aged+UITests" */;
			buildPhases = (
				5E78E9462FABF097009EA354 /* Sources */,
				5E78E9472FABF097009EA354 /* Frameworks */,
				5E78E9482FABF097009EA354 /* Resources */,
			);
			buildRules = (
			);
			dependencies = (
				5E78E94C2FABF097009EA354 /* PBXTargetDependency */,
			);
			fileSystemSynchronizedGroups = (
				5E78E94D2FABF097009EA354 /* Carelens-Aged+UITests */,
			);
			name = "Carelens-Aged+UITests";
			packageProductDependencies = (
			);
			productName = "Carelens-Aged+UITests";
			productReference = 5E78E94A2FABF097009EA354 /* Carelens-Aged+UITests.xctest */;
			productType = "com.apple.product-type.bundle.ui-testing";
		};
/* End PBXNativeTarget section */

/* Begin PBXProject section */
		5E78E9272FABF095009EA354 /* Project object */ = {
			isa = PBXProject;
			attributes = {
				BuildIndependentTargetsInParallel = 1;
				LastSwiftUpdateCheck = 2640;
				LastUpgradeCheck = 2650;
				ORGANIZATIONNAME = wcs;
				TargetAttributes = {
					5E78E92E2FABF095009EA354 = {
						CreatedOnToolsVersion = 26.4.1;
					};
					5E78E93F2FABF097009EA354 = {
						CreatedOnToolsVersion = 26.4.1;
						TestTargetID = 5E78E92E2FABF095009EA354;
					};
					5E78E9492FABF097009EA354 = {
						CreatedOnToolsVersion = 26.4.1;
						TestTargetID = 5E78E92E2FABF095009EA354;
					};
				};
			};
			buildConfigurationList = 5E78E92A2FABF095009EA354 /* Build configuration list for PBXProject "Carelens-Aged+" */;
			developmentRegion = en;
			hasScannedForEncodings = 0;
			knownRegions = (
				en,
				Base,
			);
			mainGroup = 5E78E9262FABF095009EA354;
			minimizedProjectReferenceProxies = 1;
			preferredProjectObjectVersion = 77;
			productRefGroup = 5E78E9302FABF095009EA354 /* Products */;
			projectDirPath = "";
			projectRoot = "";
			targets = (
				5E78E92E2FABF095009EA354 /* Carelens-Aged+ */,
				5E78E93F2FABF097009EA354 /* Carelens-Aged+Tests */,
				5E78E9492FABF097009EA354 /* Carelens-Aged+UITests */,
			);
		};
/* End PBXProject section */

/* Begin PBXResourcesBuildPhase section */
		5E78E92D2FABF095009EA354 /* Resources */ = {
			isa = PBXResourcesBuildPhase;
			buildActionMask = 2147483647;
			files = (
			);
			runOnlyForDeploymentPostprocessing = 0;
		};
		5E78E93E2FABF097009EA354 /* Resources */ = {
			isa = PBXResourcesBuildPhase;
			buildActionMask = 2147483647;
			files = (
			);
			runOnlyForDeploymentPostprocessing = 0;
		};
		5E78E9482FABF097009EA354 /* Resources */ = {
			isa = PBXResourcesBuildPhase;
			buildActionMask = 2147483647;
			files = (
			);
			runOnlyForDeploymentPostprocessing = 0;
		};
/* End PBXResourcesBuildPhase section */

/* Begin PBXSourcesBuildPhase section */
		5E78E92B2FABF095009EA354 /* Sources */ = {
			isa = PBXSourcesBuildPhase;
			buildActionMask = 2147483647;
			files = (
			);
			runOnlyForDeploymentPostprocessing = 0;
		};
		5E78E93C2FABF097009EA354 /* Sources */ = {
			isa = PBXSourcesBuildPhase;
			buildActionMask = 2147483647;
			files = (
			);
			runOnlyForDeploymentPostprocessing = 0;
		};
		5E78E9462FABF097009EA354 /* Sources */ = {
			isa = PBXSourcesBuildPhase;
			buildActionMask = 2147483647;
			files = (
			);
			runOnlyForDeploymentPostprocessing = 0;
		};
/* End PBXSourcesBuildPhase section */

/* Begin PBXTargetDependency section */
		5E78E9422FABF097009EA354 /* PBXTargetDependency */ = {
			isa = PBXTargetDependency;
			target = 5E78E92E2FABF095009EA354 /* Carelens-Aged+ */;
			targetProxy = 5E78E9412FABF097009EA354 /* PBXContainerItemProxy */;
		};
		5E78E94C2FABF097009EA354 /* PBXTargetDependency */ = {
			isa = PBXTargetDependency;
			target = 5E78E92E2FABF095009EA354 /* Carelens-Aged+ */;
			targetProxy = 5E78E94B2FABF097009EA354 /* PBXContainerItemProxy */;
		};
/* End PBXTargetDependency section */

/* Begin XCBuildConfiguration section */
		5E78E9542FABF097009EA354 /* Debug */ = {
			isa = XCBuildConfiguration;
			buildSettings = {
				ASSETCATALOG_COMPILER_APPICON_NAME = AppIcon;
				ASSETCATALOG_COMPILER_GLOBAL_ACCENT_COLOR_NAME = AccentColor;
				CODE_SIGN_ENTITLEMENTS = "Carelens-Aged+/Carelens_Aged_.entitlements";
				CODE_SIGN_STYLE = Automatic;
				CURRENT_PROJECT_VERSION = 202606041020;
				DEVELOPMENT_TEAM = TM2WG7HH96;
				ENABLE_PREVIEWS = YES;
				GENERATE_INFOPLIST_FILE = YES;
				INFOPLIST_FILE = "Carelens-Aged+/Info.plist";
				INFOPLIST_KEY_CFBundleDisplayName = "CareLens-Aged+";
				INFOPLIST_KEY_ITSAppUsesNonExemptEncryption = NO;
				INFOPLIST_KEY_LSApplicationCategoryType = "public.app-category.medical";
				INFOPLIST_KEY_NSCameraUsageDescription = "CareLens uses the camera only when you attach clinical photos to a client record.";
				INFOPLIST_KEY_NSPhotoLibraryUsageDescription = "CareLens accesses your photo library when you attach images to assessments.";
				INFOPLIST_KEY_UIApplicationSceneManifest_Generation = YES;
				INFOPLIST_KEY_UIApplicationSupportsIndirectInputEvents = YES;
				INFOPLIST_KEY_UILaunchScreen_Generation = YES;
				INFOPLIST_KEY_UISupportedInterfaceOrientations_iPad = "UIInterfaceOrientationPortrait UIInterfaceOrientationPortraitUpsideDown UIInterfaceOrientationLandscapeLeft UIInterfaceOrientationLandscapeRight";
				INFOPLIST_KEY_UISupportedInterfaceOrientations_iPhone = "UIInterfaceOrientationPortrait UIInterfaceOrientationLandscapeLeft UIInterfaceOrientationLandscapeRight";
				LD_RUNPATH_SEARCH_PATHS = (
					"$(inherited)",
					"@executable_path/Frameworks",
				);
				MARKETING_VERSION = 1.0;
				PRODUCT_BUNDLE_IDENTIFIER = "wcs.Carelens-Aged-";
				PRODUCT_NAME = CarelensAged;
				STRING_CATALOG_GENERATE_SYMBOLS = YES;
				SWIFT_APPROACHABLE_CONCURRENCY = YES;
				SWIFT_DEFAULT_ACTOR_ISOLATION = MainActor;
				SWIFT_EMIT_LOC_STRINGS = YES;
				SWIFT_UPCOMING_FEATURE_MEMBER_IMPORT_VISIBILITY = YES;
				SWIFT_VERSION = 5.0;
				TARGETED_DEVICE_FAMILY = "1,2";
			};
			name = Debug;
		};
		5E78E9552FABF097009EA354 /* Release */ = {
			isa = XCBuildConfiguration;
			buildSettings = {
				ASSETCATALOG_COMPILER_APPICON_NAME = AppIcon;
				ASSETCATALOG_COMPILER_GLOBAL_ACCENT_COLOR_NAME = AccentColor;
				CODE_SIGN_ENTITLEMENTS = "Carelens-Aged+/Carelens_Aged_.entitlements";
				CODE_SIGN_STYLE = Automatic;
				CURRENT_PROJECT_VERSION = 202606041020;
				DEVELOPMENT_TEAM = TM2WG7HH96;
				ENABLE_PREVIEWS = YES;
				GENERATE_INFOPLIST_FILE = YES;
				INFOPLIST_FILE = "Carelens-Aged+/Info.plist";
				INFOPLIST_KEY_CFBundleDisplayName = "CareLens-Aged+";
				INFOPLIST_KEY_ITSAppUsesNonExemptEncryption = NO;
				INFOPLIST_KEY_LSApplicationCategoryType = "public.app-category.medical";
				INFOPLIST_KEY_NSCameraUsageDescription = "CareLens uses the camera only when you attach clinical photos to a client record.";
				INFOPLIST_KEY_NSPhotoLibraryUsageDescription = "CareLens accesses your photo library when you attach images to assessments.";
				INFOPLIST_KEY_UIApplicationSceneManifest_Generation = YES;
				INFOPLIST_KEY_UIApplicationSupportsIndirectInputEvents = YES;
				INFOPLIST_KEY_UILaunchScreen_Generation = YES;
				INFOPLIST_KEY_UISupportedInterfaceOrientations_iPad = "UIInterfaceOrientationPortrait UIInterfaceOrientationPortraitUpsideDown UIInterfaceOrientationLandscapeLeft UIInterfaceOrientationLandscapeRight";
				INFOPLIST_KEY_UISupportedInterfaceOrientations_iPhone = "UIInterfaceOrientationPortrait UIInterfaceOrientationLandscapeLeft UIInterfaceOrientationLandscapeRight";
				LD_RUNPATH_SEARCH_PATHS = (
					"$(inherited)",
					"@executable_path/Frameworks",
				);
				MARKETING_VERSION = 1.0;
				PRODUCT_BUNDLE_IDENTIFIER = "wcs.Carelens-Aged-";
				PRODUCT_NAME = CarelensAged;
				STRING_CATALOG_GENERATE_SYMBOLS = YES;
				SWIFT_APPROACHABLE_CONCURRENCY = YES;
				SWIFT_DEFAULT_ACTOR_ISOLATION = MainActor;
				SWIFT_EMIT_LOC_STRINGS = YES;
				SWIFT_UPCOMING_FEATURE_MEMBER_IMPORT_VISIBILITY = YES;
				SWIFT_VERSION = 5.0;
				TARGETED_DEVICE_FAMILY = "1,2";
			};
			name = Release;
		};
		5E78E9562FABF097009EA354 /* Debug */ = {
			isa = XCBuildConfiguration;
			buildSettings = {
				ALWAYS_SEARCH_USER_PATHS = NO;
				ASSETCATALOG_COMPILER_GENERATE_SWIFT_ASSET_SYMBOL_EXTENSIONS = YES;
				CLANG_ANALYZER_NONNULL = YES;
				CLANG_ANALYZER_NUMBER_OBJECT_CONVERSION = YES_AGGRESSIVE;
				CLANG_CXX_LANGUAGE_STANDARD = "gnu++20";
				CLANG_ENABLE_MODULES = YES;
				CLANG_ENABLE_OBJC_ARC = YES;
				CLANG_ENABLE_OBJC_WEAK = YES;
				CLANG_WARN_BLOCK_CAPTURE_AUTORELEASING = YES;
				CLANG_WARN_BOOL_CONVERSION = YES;
				CLANG_WARN_COMMA = YES;
				CLANG_WARN_CONSTANT_CONVERSION = YES;
				CLANG_WARN_DEPRECATED_OBJC_IMPLEMENTATIONS = YES;
				CLANG_WARN_DIRECT_OBJC_ISA_USAGE = YES_ERROR;
				CLANG_WARN_DOCUMENTATION_COMMENTS = YES;
				CLANG_WARN_EMPTY_BODY = YES;
				CLANG_WARN_ENUM_CONVERSION = YES;
				CLANG_WARN_INFINITE_RECURSION = YES;
				CLANG_WARN_INT_CONVERSION = YES;
				CLANG_WARN_NON_LITERAL_NULL_CONVERSION = YES;
				CLANG_WARN_OBJC_IMPLICIT_RETAIN_SELF = YES;
				CLANG_WARN_OBJC_LITERAL_CONVERSION = YES;
				CLANG_WARN_OBJC_ROOT_CLASS = YES_ERROR;
				CLANG_WARN_QUOTED_INCLUDE_IN_FRAMEWORK_HEADER = YES;
				CLANG_WARN_RANGE_LOOP_ANALYSIS = YES;
				CLANG_WARN_STRICT_PROTOTYPES = YES;
				CLANG_WARN_SUSPICIOUS_MOVE = YES;
				CLANG_WARN_UNGUARDED_AVAILABILITY = YES_AGGRESSIVE;
				CLANG_WARN_UNREACHABLE_CODE = YES;
				CLANG_WARN__DUPLICATE_METHOD_MATCH = YES;
				COPY_PHASE_STRIP = NO;
				DEBUG_INFORMATION_FORMAT = dwarf;
				DEVELOPMENT_TEAM = TM2WG7HH96;
				ENABLE_STRICT_OBJC_MSGSEND = YES;
				ENABLE_TESTABILITY = YES;
				ENABLE_USER_SCRIPT_SANDBOXING = YES;
				GCC_C_LANGUAGE_STANDARD = gnu17;
				GCC_DYNAMIC_NO_PIC = NO;
				GCC_NO_COMMON_BLOCKS = YES;
				GCC_OPTIMIZATION_LEVEL = 0;
				GCC_PREPROCESSOR_DEFINITIONS = (
					"DEBUG=1",
					"$(inherited)",
				);
				GCC_WARN_64_TO_32_BIT_CONVERSION = YES;
				GCC_WARN_ABOUT_RETURN_TYPE = YES_ERROR;
				GCC_WARN_UNDECLARED_SELECTOR = YES;
				GCC_WARN_UNINITIALIZED_AUTOS = YES_AGGRESSIVE;
				GCC_WARN_UNUSED_FUNCTION = YES;
				GCC_WARN_UNUSED_VARIABLE = YES;
				IPHONEOS_DEPLOYMENT_TARGET = 18.0;
				LOCALIZATION_PREFERS_STRING_CATALOGS = YES;
				MTL_ENABLE_DEBUG_INFO = INCLUDE_SOURCE;
				MTL_FAST_MATH = YES;
				ONLY_ACTIVE_ARCH = YES;
				SDKROOT = iphoneos;
				STRING_CATALOG_GENERATE_SYMBOLS = YES;
				SWIFT_ACTIVE_COMPILATION_CONDITIONS = "DEBUG $(inherited)";
				SWIFT_OPTIMIZATION_LEVEL = "-Onone";
			};
			name = Debug;
		};
		5E78E9572FABF097009EA354 /* Release */ = {
			isa = XCBuildConfiguration;
			buildSettings = {
				ALWAYS_SEARCH_USER_PATHS = NO;
				ASSETCATALOG_COMPILER_GENERATE_SWIFT_ASSET_SYMBOL_EXTENSIONS = YES;
				CLANG_ANALYZER_NONNULL = YES;
				CLANG_ANALYZER_NUMBER_OBJECT_CONVERSION = YES_AGGRESSIVE;
				CLANG_CXX_LANGUAGE_STANDARD = "gnu++20";
				CLANG_ENABLE_MODULES = YES;
				CLANG_ENABLE_OBJC_ARC = YES;
				CLANG_ENABLE_OBJC_WEAK = YES;
				CLANG_WARN_BLOCK_CAPTURE_AUTORELEASING = YES;
				CLANG_WARN_BOOL_CONVERSION = YES;
				CLANG_WARN_COMMA = YES;
				CLANG_WARN_CONSTANT_CONVERSION = YES;
				CLANG_WARN_DEPRECATED_OBJC_IMPLEMENTATIONS = YES;
				CLANG_WARN_DIRECT_OBJC_ISA_USAGE = YES_ERROR;
				CLANG_WARN_DOCUMENTATION_COMMENTS = YES;
				CLANG_WARN_EMPTY_BODY = YES;
				CLANG_WARN_ENUM_CONVERSION = YES;
				CLANG_WARN_INFINITE_RECURSION = YES;
				CLANG_WARN_INT_CONVERSION = YES;
				CLANG_WARN_NON_LITERAL_NULL_CONVERSION = YES;
				CLANG_WARN_OBJC_IMPLICIT_RETAIN_SELF = YES;
				CLANG_WARN_OBJC_LITERAL_CONVERSION = YES;
				CLANG_WARN_OBJC_ROOT_CLASS = YES_ERROR;
				CLANG_WARN_QUOTED_INCLUDE_IN_FRAMEWORK_HEADER = YES;
				CLANG_WARN_RANGE_LOOP_ANALYSIS = YES;
				CLANG_WARN_STRICT_PROTOTYPES = YES;
				CLANG_WARN_SUSPICIOUS_MOVE = YES;
				CLANG_WARN_UNGUARDED_AVAILABILITY = YES_AGGRESSIVE;
				CLANG_WARN_UNREACHABLE_CODE = YES;
				CLANG_WARN__DUPLICATE_METHOD_MATCH = YES;
				COPY_PHASE_STRIP = NO;
				DEBUG_INFORMATION_FORMAT = "dwarf-with-dsym";
				DEVELOPMENT_TEAM = TM2WG7HH96;
				ENABLE_NS_ASSERTIONS = NO;
				ENABLE_STRICT_OBJC_MSGSEND = YES;
				ENABLE_USER_SCRIPT_SANDBOXING = YES;
				GCC_C_LANGUAGE_STANDARD = gnu17;
				GCC_NO_COMMON_BLOCKS = YES;
				GCC_WARN_64_TO_32_BIT_CONVERSION = YES;
				GCC_WARN_ABOUT_RETURN_TYPE = YES_ERROR;
				GCC_WARN_UNDECLARED_SELECTOR = YES;
				GCC_WARN_UNINITIALIZED_AUTOS = YES_AGGRESSIVE;
				GCC_WARN_UNUSED_FUNCTION = YES;
				GCC_WARN_UNUSED_VARIABLE = YES;
				IPHONEOS_DEPLOYMENT_TARGET = 18.0;
				LOCALIZATION_PREFERS_STRING_CATALOGS = YES;
				MTL_ENABLE_DEBUG_INFO = NO;
				MTL_FAST_MATH = YES;
				SDKROOT = iphoneos;
				STRING_CATALOG_GENERATE_SYMBOLS = YES;
				SWIFT_COMPILATION_MODE = wholemodule;
				VALIDATE_PRODUCT = YES;
			};
			name = Release;
		};
		5E78E9592FABF097009EA354 /* Debug */ = {
			isa = XCBuildConfiguration;
			buildSettings = {
				BUNDLE_LOADER = "$(TEST_HOST)";
				CODE_SIGN_STYLE = Automatic;
				CURRENT_PROJECT_VERSION = 202606041020;
				DEVELOPMENT_TEAM = TM2WG7HH96;
				GENERATE_INFOPLIST_FILE = YES;
				IPHONEOS_DEPLOYMENT_TARGET = 18.0;
				MARKETING_VERSION = 1.0;
				PRODUCT_BUNDLE_IDENTIFIER = "wcs.Carelens-Aged-Tests";
				PRODUCT_NAME = "$(TARGET_NAME)";
				STRING_CATALOG_GENERATE_SYMBOLS = NO;
				SWIFT_APPROACHABLE_CONCURRENCY = YES;
				SWIFT_EMIT_LOC_STRINGS = NO;
				SWIFT_UPCOMING_FEATURE_MEMBER_IMPORT_VISIBILITY = YES;
				SWIFT_VERSION = 5.0;
				TARGETED_DEVICE_FAMILY = "1,2";
				TEST_HOST = "$(BUILT_PRODUCTS_DIR)/CarelensAged.app/$(BUNDLE_EXECUTABLE_FOLDER_PATH)/CarelensAged";
			};
			name = Debug;
		};
		5E78E95A2FABF097009EA354 /* Release */ = {
			isa = XCBuildConfiguration;
			buildSettings = {
				BUNDLE_LOADER = "$(TEST_HOST)";
				CODE_SIGN_STYLE = Automatic;
				CURRENT_PROJECT_VERSION = 202606041020;
				DEVELOPMENT_TEAM = TM2WG7HH96;
				GENERATE_INFOPLIST_FILE = YES;
				IPHONEOS_DEPLOYMENT_TARGET = 18.0;
				MARKETING_VERSION = 1.0;
				PRODUCT_BUNDLE_IDENTIFIER = "wcs.Carelens-Aged-Tests";
				PRODUCT_NAME = "$(TARGET_NAME)";
				STRING_CATALOG_GENERATE_SYMBOLS = NO;
				SWIFT_APPROACHABLE_CONCURRENCY = YES;
				SWIFT_EMIT_LOC_STRINGS = NO;
				SWIFT_UPCOMING_FEATURE_MEMBER_IMPORT_VISIBILITY = YES;
				SWIFT_VERSION = 5.0;
				TARGETED_DEVICE_FAMILY = "1,2";
				TEST_HOST = "$(BUILT_PRODUCTS_DIR)/CarelensAged.app/$(BUNDLE_EXECUTABLE_FOLDER_PATH)/CarelensAged";
			};
			name = Release;
		};
		5E78E95C2FABF097009EA354 /* Debug */ = {
			isa = XCBuildConfiguration;
			buildSettings = {
				CODE_SIGN_STYLE = Automatic;
				CURRENT_PROJECT_VERSION = 202606041020;
				DEVELOPMENT_TEAM = TM2WG7HH96;
				GENERATE_INFOPLIST_FILE = YES;
				MARKETING_VERSION = 1.0;
				PRODUCT_BUNDLE_IDENTIFIER = "wcs.Carelens-Aged-UITests";
				PRODUCT_NAME = "$(TARGET_NAME)";
				STRING_CATALOG_GENERATE_SYMBOLS = NO;
				SWIFT_APPROACHABLE_CONCURRENCY = YES;
				SWIFT_EMIT_LOC_STRINGS = NO;
				SWIFT_UPCOMING_FEATURE_MEMBER_IMPORT_VISIBILITY = YES;
				SWIFT_VERSION = 5.0;
				TARGETED_DEVICE_FAMILY = "1,2";
				TEST_TARGET_NAME = "Carelens-Aged+";
			};
			name = Debug;
		};
		5E78E95D2FABF097009EA354 /* Release */ = {
			isa = XCBuildConfiguration;
			buildSettings = {
				CODE_SIGN_STYLE = Automatic;
				CURRENT_PROJECT_VERSION = 202606041020;
				DEVELOPMENT_TEAM = TM2WG7HH96;
				GENERATE_INFOPLIST_FILE = YES;
				MARKETING_VERSION = 1.0;
				PRODUCT_BUNDLE_IDENTIFIER = "wcs.Carelens-Aged-UITests";
				PRODUCT_NAME = "$(TARGET_NAME)";
				STRING_CATALOG_GENERATE_SYMBOLS = NO;
				SWIFT_APPROACHABLE_CONCURRENCY = YES;
				SWIFT_EMIT_LOC_STRINGS = NO;
				SWIFT_UPCOMING_FEATURE_MEMBER_IMPORT_VISIBILITY = YES;
				SWIFT_VERSION = 5.0;
				TARGETED_DEVICE_FAMILY = "1,2";
				TEST_TARGET_NAME = "Carelens-Aged+";
			};
			name = Release;
		};
/* End XCBuildConfiguration section */

/* Begin XCConfigurationList section */
		5E78E92A2FABF095009EA354 /* Build configuration list for PBXProject "Carelens-Aged+" */ = {
			isa = XCConfigurationList;
			buildConfigurations = (
				5E78E9562FABF097009EA354 /* Debug */,
				5E78E9572FABF097009EA354 /* Release */,
			);
			defaultConfigurationIsVisible = 0;
			defaultConfigurationName = Release;
		};
		5E78E9532FABF097009EA354 /* Build configuration list for PBXNativeTarget "Carelens-Aged+" */ = {
			isa = XCConfigurationList;
			buildConfigurations = (
				5E78E9542FABF097009EA354 /* Debug */,
				5E78E9552FABF097009EA354 /* Release */,
			);
			defaultConfigurationIsVisible = 0;
			defaultConfigurationName = Release;
		};
		5E78E9582FABF097009EA354 /* Build configuration list for PBXNativeTarget "Carelens-Aged+Tests" */ = {
			isa = XCConfigurationList;
			buildConfigurations = (
				5E78E9592FABF097009EA354 /* Debug */,
				5E78E95A2FABF097009EA354 /* Release */,
			);
			defaultConfigurationIsVisible = 0;
			defaultConfigurationName = Release;
		};
		5E78E95B2FABF097009EA354 /* Build configuration list for PBXNativeTarget "Carelens-Aged+UITests" */ = {
			isa = XCConfigurationList;
			buildConfigurations = (
				5E78E95C2FABF097009EA354 /* Debug */,
				5E78E95D2FABF097009EA354 /* Release */,
			);
			defaultConfigurationIsVisible = 0;
			defaultConfigurationName = Release;
		};
/* End XCConfigurationList section */
	};
	rootObject = 5E78E9272FABF095009EA354 /* Project object */;
}
